// !$*UTF8*$!
{
	archiveVersion = 1;
	classes = {
	};
	objectVersion = 55;
	objects = {

/* Begin PBXBuildFile section */
		2739EB782977F25B00F48C9A /* RMCharacterDetailViewController.swift in Sources */ = {isa = PBXBuildFile; fileRef = 2739EB772977F25B00F48C9A /* RMCharacterDetailViewController.swift */; };
		2739EB7A2977F32000F48C9A /* RMCharacterDetailView.swift in Sources */ = {isa = PBXBuildFile; fileRef = 2739EB792977F32000F48C9A /* RMCharacterDetailView.swift */; };
		2739EB7C2977F33F00F48C9A /* RMCharacterDetailViewViewModel.swift in Sources */ = {isa = PBXBuildFile; fileRef = 2739EB7B2977F33F00F48C9A /* RMCharacterDetailViewViewModel.swift */; };
		2751301B297680FA002F73E0 /* RMService.swift in Sources */ = {isa = PBXBuildFile; fileRef = 2751301A297680FA002F73E0 /* RMService.swift */; };
		2751301D2976810C002F73E0 /* RMRequest.swift in Sources */ = {isa = PBXBuildFile; fileRef = 2751301C2976810C002F73E0 /* RMRequest.swift */; };
		2751301F29768199002F73E0 /* RMEndpoint.swift in Sources */ = {isa = PBXBuildFile; fileRef = 2751301E29768199002F73E0 /* RMEndpoint.swift */; };
		27513021297695F3002F73E0 /* RMOrigin.swift in Sources */ = {isa = PBXBuildFile; fileRef = 27513020297695F3002F73E0 /* RMOrigin.swift */; };
		275130232976967B002F73E0 /* RMSingleLocation.swift in Sources */ = {isa = PBXBuildFile; fileRef = 275130222976967B002F73E0 /* RMSingleLocation.swift */; };
		27513025297697AA002F73E0 /* RMCharacterStatus.swift in Sources */ = {isa = PBXBuildFile; fileRef = 27513024297697AA002F73E0 /* RMCharacterStatus.swift */; };
		27513027297697D5002F73E0 /* RMCharacterGender.swift in Sources */ = {isa = PBXBuildFile; fileRef = 27513026297697D5002F73E0 /* RMCharacterGender.swift */; };
		2751302B2976BD94002F73E0 /* RMGetAllCharactersResponse.swift in Sources */ = {isa = PBXBuildFile; fileRef = 2751302A2976BD94002F73E0 /* RMGetAllCharactersResponse.swift */; };
		2751302D2976C090002F73E0 /* RMCharacterListViewViewModel.swift in Sources */ = {isa = PBXBuildFile; fileRef = 2751302C2976C090002F73E0 /* RMCharacterListViewViewModel.swift */; };
		2751302F2976C0E1002F73E0 /* RMCharacterListView.swift in Sources */ = {isa = PBXBuildFile; fileRef = 2751302E2976C0E1002F73E0 /* RMCharacterListView.swift */; };
		275130312976C700002F73E0 /* Extensions.swift in Sources */ = {isa = PBXBuildFile; fileRef = 275130302976C700002F73E0 /* Extensions.swift */; };
		275130332976E212002F73E0 /* RMCharacterCollectionViewCell.swift in Sources */ = {isa = PBXBuildFile; fileRef = 275130322976E212002F73E0 /* RMCharacterCollectionViewCell.swift */; };
		275130352976E361002F73E0 /* RMCharacterListViewCellViewModel.swift in Sources */ = {isa = PBXBuildFile; fileRef = 275130342976E361002F73E0 /* RMCharacterListViewCellViewModel.swift */; };
		2758BBA22975A43100DE8A24 /* AppDelegate.swift in Sources */ = {isa = PBXBuildFile; fileRef = 2758BBA12975A43100DE8A24 /* AppDelegate.swift */; };
		2758BBA42975A43100DE8A24 /* SceneDelegate.swift in Sources */ = {isa = PBXBuildFile; fileRef = 2758BBA32975A43100DE8A24 /* SceneDelegate.swift */; };
		2758BBA62975A43100DE8A24 /* RMTabBarViewController.swift in Sources */ = {isa = PBXBuildFile; fileRef = 2758BBA52975A43100DE8A24 /* RMTabBarViewController.swift */; };
		2758BBAB2975A43100DE8A24 /* Assets.xcassets in Resources */ = {isa = PBXBuildFile; fileRef = 2758BBAA2975A43100DE8A24 /* Assets.xcassets */; };
		2758BBAE2975A43100DE8A24 /* LaunchScreen.storyboard in Resources */ = {isa = PBXBuildFile; fileRef = 2758BBAC2975A43100DE8A24 /* LaunchScreen.storyboard */; };
		2758BBBD2975A91B00DE8A24 /* RMLocation.swift in Sources */ = {isa = PBXBuildFile; fileRef = 2758BBBC2975A91B00DE8A24 /* RMLocation.swift */; };
		2758BBBF2975A92500DE8A24 /* RMCharacter.swift in Sources */ = {isa = PBXBuildFile; fileRef = 2758BBBE2975A92500DE8A24 /* RMCharacter.swift */; };
		2758BBC12975A92C00DE8A24 /* RMEpisode.swift in Sources */ = {isa = PBXBuildFile; fileRef = 2758BBC02975A92C00DE8A24 /* RMEpisode.swift */; };
		2758BBC42975A9A200DE8A24 /* RMCharacterViewController.swift in Sources */ = {isa = PBXBuildFile; fileRef = 2758BBC32975A9A200DE8A24 /* RMCharacterViewController.swift */; };
		2758BBC62975A9BE00DE8A24 /* RMLocationViewController.swift in Sources */ = {isa = PBXBuildFile; fileRef = 2758BBC52975A9BE00DE8A24 /* RMLocationViewController.swift */; };
		2758BBC82975A9EE00DE8A24 /* RMEpisodeViewController.swift in Sources */ = {isa = PBXBuildFile; fileRef = 2758BBC72975A9EE00DE8A24 /* RMEpisodeViewController.swift */; };
		2758BBCA2975AA1E00DE8A24 /* RMSettingsViewController.swift in Sources */ = {isa = PBXBuildFile; fileRef = 2758BBC92975AA1E00DE8A24 /* RMSettingsViewController.swift */; };
/* End PBXBuildFile section */

/* Begin PBXFileReference section */
		2739EB772977F25B00F48C9A /* RMCharacterDetailViewController.swift */ = {isa = PBXFileReference; lastKnownFileType = sourcecode.swift; path = RMCharacterDetailViewController.swift; sourceTree = "<group>"; };
		2739EB792977F32000F48C9A /* RMCharacterDetailView.swift */ = {isa = PBXFileReference; lastKnownFileType = sourcecode.swift; path = RMCharacterDetailView.swift; sourceTree = "<group>"; };
		2739EB7B2977F33F00F48C9A /* RMCharacterDetailViewViewModel.swift */ = {isa = PBXFileReference; lastKnownFileType = sourcecode.swift; path = RMCharacterDetailViewViewModel.swift; sourceTree = "<group>"; };
		2751301A297680FA002F73E0 /* RMService.swift */ = {isa = PBXFileReference; lastKnownFileType = sourcecode.swift; path = RMService.swift; sourceTree = "<group>"; };
		2751301C2976810C002F73E0 /* RMRequest.swift */ = {isa = PBXFileReference; lastKnownFileType = sourcecode.swift; path = RMRequest.swift; sourceTree = "<group>"; };
		2751301E29768199002F73E0 /* RMEndpoint.swift */ = {isa = PBXFileReference; lastKnownFileType = sourcecode.swift; path = RMEndpoint.swift; sourceTree = "<group>"; };
		27513020297695F3002F73E0 /* RMOrigin.swift */ = {isa = PBXFileReference; lastKnownFileType = sourcecode.swift; path = RMOrigin.swift; sourceTree = "<group>"; };
		275130222976967B002F73E0 /* RMSingleLocation.swift */ = {isa = PBXFileReference; lastKnownFileType = sourcecode.swift; path = RMSingleLocation.swift; sourceTree = "<group>"; };
		27513024297697AA002F73E0 /* RMCharacterStatus.swift */ = {isa = PBXFileReference; lastKnownFileType = sourcecode.swift; path = RMCharacterStatus.swift; sourceTree = "<group>"; };
		27513026297697D5002F73E0 /* RMCharacterGender.swift */ = {isa = PBXFileReference; lastKnownFileType = sourcecode.swift; path = RMCharacterGender.swift; sourceTree = "<group>"; };
		2751302A2976BD94002F73E0 /* RMGetAllCharactersResponse.swift */ = {isa = PBXFileReference; lastKnownFileType = sourcecode.swift; path = RMGetAllCharactersResponse.swift; sourceTree = "<group>"; };
		2751302C2976C090002F73E0 /* RMCharacterListViewViewModel.swift */ = {isa = PBXFileReference; lastKnownFileType = sourcecode.swift; path = RMCharacterListViewViewModel.swift; sourceTree = "<group>"; };
		2751302E2976C0E1002F73E0 /* RMCharacterListView.swift */ = {isa = PBXFileReference; lastKnownFileType = sourcecode.swift; path = RMCharacterListView.swift; sourceTree = "<group>"; };
		275130302976C700002F73E0 /* Extensions.swift */ = {isa = PBXFileReference; lastKnownFileType = sourcecode.swift; path = Extensions.swift; sourceTree = "<group>"; };
		275130322976E212002F73E0 /* RMCharacterCollectionViewCell.swift */ = {isa = PBXFileReference; lastKnownFileType = sourcecode.swift; path = RMCharacterCollectionViewCell.swift; sourceTree = "<group>"; };
		275130342976E361002F73E0 /* RMCharacterListViewCellViewModel.swift */ = {isa = PBXFileReference; lastKnownFileType = sourcecode.swift; path = RMCharacterListViewCellViewModel.swift; sourceTree = "<group>"; };
		2758BB9E2975A43100DE8A24 /* RickAndMorty.app */ = {isa = PBXFileReference; explicitFileType = wrapper.application; includeInIndex = 0; path = RickAndMorty.app; sourceTree = BUILT_PRODUCTS_DIR; };
		2758BBA12975A43100DE8A24 /* AppDelegate.swift */ = {isa = PBXFileReference; lastKnownFileType = sourcecode.swift; path = AppDelegate.swift; sourceTree = "<group>"; };
		2758BBA32975A43100DE8A24 /* SceneDelegate.swift */ = {isa = PBXFileReference; lastKnownFileType = sourcecode.swift; path = SceneDelegate.swift; sourceTree = "<group>"; };
		2758BBA52975A43100DE8A24 /* RMTabBarViewController.swift */ = {isa = PBXFileReference; lastKnownFileType = sourcecode.swift; path = RMTabBarViewController.swift; sourceTree = "<group>"; };
		2758BBAA2975A43100DE8A24 /* Assets.xcassets */ = {isa = PBXFileReference; lastKnownFileType = folder.assetcatalog; path = Assets.xcassets; sourceTree = "<group>"; };
		2758BBAD2975A43100DE8A24 /* Base */ = {isa = PBXFileReference; lastKnownFileType = file.storyboard; name = Base; path = Base.lproj/LaunchScreen.storyboard; sourceTree = "<group>"; };
		2758BBAF2975A43100DE8A24 /* Info.plist */ = {isa = PBXFileReference; lastKnownFileType = text.plist.xml; path = Info.plist; sourceTree = "<group>"; };
		2758BBBC2975A91B00DE8A24 /* RMLocation.swift */ = {isa = PBXFileReference; lastKnownFileType = sourcecode.swift; path = RMLocation.swift; sourceTree = "<group>"; };
		2758BBBE2975A92500DE8A24 /* RMCharacter.swift */ = {isa = PBXFileReference; lastKnownFileType = sourcecode.swift; path = RMCharacter.swift; sourceTree = "<group>"; };
		2758BBC02975A92C00DE8A24 /* RMEpisode.swift */ = {isa = PBXFileReference; lastKnownFileType = sourcecode.swift; path = RMEpisode.swift; sourceTree = "<group>"; };
		2758BBC32975A9A200DE8A24 /* RMCharacterViewController.swift */ = {isa = PBXFileReference; lastKnownFileType = sourcecode.swift; path = RMCharacterViewController.swift; sourceTree = "<group>"; };
		2758BBC52975A9BE00DE8A24 /* RMLocationViewController.swift */ = {isa = PBXFileReference; lastKnownFileType = sourcecode.swift; path = RMLocationViewController.swift; sourceTree = "<group>"; };
		2758BBC72975A9EE00DE8A24 /* RMEpisodeViewController.swift */ = {isa = PBXFileReference; lastKnownFileType = sourcecode.swift; path = RMEpisodeViewController.swift; sourceTree = "<group>"; };
		2758BBC92975AA1E00DE8A24 /* RMSettingsViewController.swift */ = {isa = PBXFileReference; lastKnownFileType = sourcecode.swift; path = RMSettingsViewController.swift; sourceTree = "<group>"; };
/* End PBXFileReference section */

/* Begin PBXFrameworksBuildPhase section */
		2758BB9B2975A43100DE8A24 /* Frameworks */ = {
			isa = PBXFrameworksBuildPhase;
			buildActionMask = 2147483647;
			files = (
			);
			runOnlyForDeploymentPostprocessing = 0;
		};
/* End PBXFrameworksBuildPhase section */

/* Begin PBXGroup section */
		2739EB762977F24600F48C9A /* Other */ = {
			isa = PBXGroup;
			children = (
				2739EB772977F25B00F48C9A /* RMCharacterDetailViewController.swift */,
			);
			path = Other;
			sourceTree = "<group>";
		};
		275130282976BD60002F73E0 /* DataTypes */ = {
			isa = PBXGroup;
			children = (
				2758BBBC2975A91B00DE8A24 /* RMLocation.swift */,
				2758BBBE2975A92500DE8A24 /* RMCharacter.swift */,
				2758BBC02975A92C00DE8A24 /* RMEpisode.swift */,
				27513020297695F3002F73E0 /* RMOrigin.swift */,
				275130222976967B002F73E0 /* RMSingleLocation.swift */,
				27513024297697AA002F73E0 /* RMCharacterStatus.swift */,
				27513026297697D5002F73E0 /* RMCharacterGender.swift */,
			);
			path = DataTypes;
			sourceTree = "<group>";
		};
		275130292976BD73002F73E0 /* APIResponseTypes */ = {
			isa = PBXGroup;
			children = (
				2751302A2976BD94002F73E0 /* RMGetAllCharactersResponse.swift */,
			);
			path = APIResponseTypes;
			sourceTree = "<group>";
		};
		2758BB952975A43100DE8A24 = {
			isa = PBXGroup;
			children = (
				2758BBA02975A43100DE8A24 /* RickAndMorty */,
				2758BB9F2975A43100DE8A24 /* Products */,
			);
			sourceTree = "<group>";
		};
		2758BB9F2975A43100DE8A24 /* Products */ = {
			isa = PBXGroup;
			children = (
				2758BB9E2975A43100DE8A24 /* RickAndMorty.app */,
			);
			name = Products;
			sourceTree = "<group>";
		};
		2758BBA02975A43100DE8A24 /* RickAndMorty */ = {
			isa = PBXGroup;
			children = (
				2758BBBB2975A88A00DE8A24 /* Resources */,
				2758BBBA2975A87500DE8A24 /* APIClients */,
				2758BBB92975A86D00DE8A24 /* Managers */,
				2758BBB82975A86000DE8A24 /* ViewModels */,
				2758BBB72975A85900DE8A24 /* Views */,
				2758BBB62975A85000DE8A24 /* Models */,
				2758BBB52975A84200DE8A24 /* Controllers */,
				2758BBAF2975A43100DE8A24 /* Info.plist */,
			);
			path = RickAndMorty;
			sourceTree = "<group>";
		};
		2758BBB52975A84200DE8A24 /* Controllers */ = {
			isa = PBXGroup;
			children = (
				2739EB762977F24600F48C9A /* Other */,
				2758BBC22975A97C00DE8A24 /* Core */,
			);
			path = Controllers;
			sourceTree = "<group>";
		};
		2758BBB62975A85000DE8A24 /* Models */ = {
			isa = PBXGroup;
			children = (
				275130292976BD73002F73E0 /* APIResponseTypes */,
				275130282976BD60002F73E0 /* DataTypes */,
			);
			path = Models;
			sourceTree = "<group>";
		};
		2758BBB72975A85900DE8A24 /* Views */ = {
			isa = PBXGroup;
			children = (
				2751302E2976C0E1002F73E0 /* RMCharacterListView.swift */,
				275130322976E212002F73E0 /* RMCharacterCollectionViewCell.swift */,
				2739EB792977F32000F48C9A /* RMCharacterDetailView.swift */,
			);
			path = Views;
			sourceTree = "<group>";
		};
		2758BBB82975A86000DE8A24 /* ViewModels */ = {
			isa = PBXGroup;
			children = (
				2751302C2976C090002F73E0 /* RMCharacterListViewViewModel.swift */,
				275130342976E361002F73E0 /* RMCharacterListViewCellViewModel.swift */,
				2739EB7B2977F33F00F48C9A /* RMCharacterDetailViewViewModel.swift */,
			);
			path = ViewModels;
			sourceTree = "<group>";
		};
		2758BBB92975A86D00DE8A24 /* Managers */ = {
			isa = PBXGroup;
			children = (
			);
			path = Managers;
			sourceTree = "<group>";
		};
		2758BBBA2975A87500DE8A24 /* APIClients */ = {
			isa = PBXGroup;
			children = (
				2751301A297680FA002F73E0 /* RMService.swift */,
				2751301C2976810C002F73E0 /* RMRequest.swift */,
				2751301E29768199002F73E0 /* RMEndpoint.swift */,
			);
			path = APIClients;
			sourceTree = "<group>";
		};
		2758BBBB2975A88A00DE8A24 /* Resources */ = {
			isa = PBXGroup;
			children = (
				2758BBAA2975A43100DE8A24 /* Assets.xcassets */,
				2758BBAC2975A43100DE8A24 /* LaunchScreen.storyboard */,
				2758BBA12975A43100DE8A24 /* AppDelegate.swift */,
				2758BBA32975A43100DE8A24 /* SceneDelegate.swift */,
				275130302976C700002F73E0 /* Extensions.swift */,
			);
			path = Resources;
			sourceTree = "<group>";
		};
		2758BBC22975A97C00DE8A24 /* Core */ = {
			isa = PBXGroup;
			children = (
				2758BBA52975A43100DE8A24 /* RMTabBarViewController.swift */,
				2758BBC32975A9A200DE8A24 /* RMCharacterViewController.swift */,
				2758BBC52975A9BE00DE8A24 /* RMLocationViewController.swift */,
				2758BBC72975A9EE00DE8A24 /* RMEpisodeViewController.swift */,
				2758BBC92975AA1E00DE8A24 /* RMSettingsViewController.swift */,
			);
			path = Core;
			sourceTree = "<group>";
		};
/* End PBXGroup section */

/* Begin PBXNativeTarget section */
		2758BB9D2975A43100DE8A24 /* RickAndMorty */ = {
			isa = PBXNativeTarget;
			buildConfigurationList = 2758BBB22975A43100DE8A24 /* Build configuration list for PBXNativeTarget "RickAndMorty" */;
			buildPhases = (
				2758BB9A2975A43100DE8A24 /* Sources */,
				2758BB9B2975A43100DE8A24 /* Frameworks */,
				2758BB9C2975A43100DE8A24 /* Resources */,
			);
			buildRules = (
			);
			dependencies = (
			);
			name = RickAndMorty;
			productName = RickAndMorty;
			productReference = 2758BB9E2975A43100DE8A24 /* RickAndMorty.app */;
			productType = "com.apple.product-type.application";
		};
/* End PBXNativeTarget section */

/* Begin PBXProject section */
		2758BB962975A43100DE8A24 /* Project object */ = {
			isa = PBXProject;
			attributes = {
				BuildIndependentTargetsInParallel = 1;
				LastSwiftUpdateCheck = 1340;
				LastUpgradeCheck = 1340;
				TargetAttributes = {
					2758BB9D2975A43100DE8A24 = {
						CreatedOnToolsVersion = 13.4.1;
					};
				};
			};
			buildConfigurationList = 2758BB992975A43100DE8A24 /* Build configuration list for PBXProject "RickAndMorty" */;
			compatibilityVersion = "Xcode 13.0";
			developmentRegion = en;
			hasScannedForEncodings = 0;
			knownRegions = (
				en,
				Base,
			);
			mainGroup = 2758BB952975A43100DE8A24;
			productRefGroup = 2758BB9F2975A43100DE8A24 /* Products */;
			projectDirPath = "";
			projectRoot = "";
			targets = (
				2758BB9D2975A43100DE8A24 /* RickAndMorty */,
			);
		};
/* End PBXProject section */

/* Begin PBXResourcesBuildPhase section */
		2758BB9C2975A43100DE8A24 /* Resources */ = {
			isa = PBXResourcesBuildPhase;
			buildActionMask = 2147483647;
			files = (
				2758BBAE2975A43100DE8A24 /* LaunchScreen.storyboard in Resources */,
				2758BBAB2975A43100DE8A24 /* Assets.xcassets in Resources */,
			);
			runOnlyForDeploymentPostprocessing = 0;
		};
/* End PBXResourcesBuildPhase section */

/* Begin PBXSourcesBuildPhase section */
		2758BB9A2975A43100DE8A24 /* Sources */ = {
			isa = PBXSourcesBuildPhase;
			buildActionMask = 2147483647;
			files = (
				2751302B2976BD94002F73E0 /* RMGetAllCharactersResponse.swift in Sources */,
				2739EB7C2977F33F00F48C9A /* RMCharacterDetailViewViewModel.swift in Sources */,
				27513021297695F3002F73E0 /* RMOrigin.swift in Sources */,
				2751302F2976C0E1002F73E0 /* RMCharacterListView.swift in Sources */,
				275130232976967B002F73E0 /* RMSingleLocation.swift in Sources */,
				27513025297697AA002F73E0 /* RMCharacterStatus.swift in Sources */,
				27513027297697D5002F73E0 /* RMCharacterGender.swift in Sources */,
				2739EB782977F25B00F48C9A /* RMCharacterDetailViewController.swift in Sources */,
				275130352976E361002F73E0 /* RMCharacterListViewCellViewModel.swift in Sources */,
				2758BBC62975A9BE00DE8A24 /* RMLocationViewController.swift in Sources */,
				2758BBC12975A92C00DE8A24 /* RMEpisode.swift in Sources */,
				2758BBA62975A43100DE8A24 /* RMTabBarViewController.swift in Sources */,
				275130332976E212002F73E0 /* RMCharacterCollectionViewCell.swift in Sources */,
				2758BBC82975A9EE00DE8A24 /* RMEpisodeViewController.swift in Sources */,
				2758BBA22975A43100DE8A24 /* AppDelegate.swift in Sources */,
				2758BBA42975A43100DE8A24 /* SceneDelegate.swift in Sources */,
				2758BBCA2975AA1E00DE8A24 /* RMSettingsViewController.swift in Sources */,
				275130312976C700002F73E0 /* Extensions.swift in Sources */,
				2751301B297680FA002F73E0 /* RMService.swift in Sources */,
				2758BBBD2975A91B00DE8A24 /* RMLocation.swift in Sources */,
				2751301F29768199002F73E0 /* RMEndpoint.swift in Sources */,
				2758BBBF2975A92500DE8A24 /* RMCharacter.swift in Sources */,
				2751301D2976810C002F73E0 /* RMRequest.swift in Sources */,
				2751302D2976C090002F73E0 /* RMCharacterListViewViewModel.swift in Sources */,
				2758BBC42975A9A200DE8A24 /* RMCharacterViewController.swift in Sources */,
				2739EB7A2977F32000F48C9A /* RMCharacterDetailView.swift in Sources */,
			);
			runOnlyForDeploymentPostprocessing = 0;
		};
/* End PBXSourcesBuildPhase section */

/* Begin PBXVariantGroup section */
		2758BBAC2975A43100DE8A24 /* LaunchScreen.storyboard */ = {
			isa = PBXVariantGroup;
			children = (
				2758BBAD2975A43100DE8A24 /* Base */,
			);
			name = LaunchScreen.storyboard;
			sourceTree = "<group>";
		};
/* End PBXVariantGroup section */

/* Begin XCBuildConfiguration section */
		2758BBB02975A43100DE8A24 /* Debug */ = {
			isa = XCBuildConfiguration;
			buildSettings = {
				ALWAYS_SEARCH_USER_PATHS = NO;
				CLANG_ANALYZER_NONNULL = YES;
				CLANG_ANALYZER_NUMBER_OBJECT_CONVERSION = YES_AGGRESSIVE;
				CLANG_CXX_LANGUAGE_STANDARD = "gnu++17";
				CLANG_ENABLE_MODULES = YES;
				CLANG_ENABLE_OBJC_ARC = YES;
				CLANG_ENABLE_OBJC_WEAK = YES;
				CLANG_WARN_BLOCK_CAPTURE_AUTORELEASING = YES;
				CLANG_WARN_BOOL_CONVERSION = YES;
				CLANG_WARN_COMMA = YES;
				CLANG_WARN_CONSTANT_CONVERSION = YES;
				CLANG_WARN_DEPRECATED_OBJC_IMPLEMENTATIONS = YES;
				CLANG_WARN_DIRECT_OBJC_ISA_USAGE = YES_ERROR;
				CLANG_WARN_DOCUMENTATION_COMMENTS = YES;
				CLANG_WARN_EMPTY_BODY = YES;
				CLANG_WARN_ENUM_CONVERSION = YES;
				CLANG_WARN_INFINITE_RECURSION = YES;
				CLANG_WARN_INT_CONVERSION = YES;
				CLANG_WARN_NON_LITERAL_NULL_CONVERSION = YES;
				CLANG_WARN_OBJC_IMPLICIT_RETAIN_SELF = YES;
				CLANG_WARN_OBJC_LITERAL_CONVERSION = YES;
				CLANG_WARN_OBJC_ROOT_CLASS = YES_ERROR;
				CLANG_WARN_QUOTED_INCLUDE_IN_FRAMEWORK_HEADER = YES;
				CLANG_WARN_RANGE_LOOP_ANALYSIS = YES;
				CLANG_WARN_STRICT_PROTOTYPES = YES;
				CLANG_WARN_SUSPICIOUS_MOVE = YES;
				CLANG_WARN_UNGUARDED_AVAILABILITY = YES_AGGRESSIVE;
				CLANG_WARN_UNREACHABLE_CODE = YES;
				CLANG_WARN__DUPLICATE_METHOD_MATCH = YES;
				COPY_PHASE_STRIP = NO;
				DEBUG_INFORMATION_FORMAT = dwarf;
				ENABLE_STRICT_OBJC_MSGSEND = YES;
				ENABLE_TESTABILITY = YES;
				GCC_C_LANGUAGE_STANDARD = gnu11;
				GCC_DYNAMIC_NO_PIC = NO;
				GCC_NO_COMMON_BLOCKS = YES;
				GCC_OPTIMIZATION_LEVEL = 0;
				GCC_PREPROCESSOR_DEFINITIONS = (
					"DEBUG=1",
					"$(inherited)",
				);
				GCC_WARN_64_TO_32_BIT_CONVERSION = YES;
				GCC_WARN_ABOUT_RETURN_TYPE = YES_ERROR;
				GCC_WARN_UNDECLARED_SELECTOR = YES;
				GCC_WARN_UNINITIALIZED_AUTOS = YES_AGGRESSIVE;
				GCC_WARN_UNUSED_FUNCTION = YES;
				GCC_WARN_UNUSED_VARIABLE = YES;
				IPHONEOS_DEPLOYMENT_TARGET = 15.5;
				MTL_ENABLE_DEBUG_INFO = INCLUDE_SOURCE;
				MTL_FAST_MATH = YES;
				ONLY_ACTIVE_ARCH = YES;
				SDKROOT = iphoneos;
				SWIFT_ACTIVE_COMPILATION_CONDITIONS = DEBUG;
				SWIFT_OPTIMIZATION_LEVEL = "-Onone";
			};
			name = Debug;
		};
		2758BBB12975A43100DE8A24 /* Release */ = {
			isa = XCBuildConfiguration;
			buildSettings = {
				ALWAYS_SEARCH_USER_PATHS = NO;
				CLANG_ANALYZER_NONNULL = YES;
				CLANG_ANALYZER_NUMBER_OBJECT_CONVERSION = YES_AGGRESSIVE;
				CLANG_CXX_LANGUAGE_STANDARD = "gnu++17";
				CLANG_ENABLE_MODULES = YES;
				CLANG_ENABLE_OBJC_ARC = YES;
				CLANG_ENABLE_OBJC_WEAK = YES;
				CLANG_WARN_BLOCK_CAPTURE_AUTORELEASING = YES;
				CLANG_WARN_BOOL_CONVERSION = YES;
				CLANG_WARN_COMMA = YES;
				CLANG_WARN_CONSTANT_CONVERSION = YES;
				CLANG_WARN_DEPRECATED_OBJC_IMPLEMENTATIONS = YES;
				CLANG_WARN_DIRECT_OBJC_ISA_USAGE = YES_ERROR;
				CLANG_WARN_DOCUMENTATION_COMMENTS = YES;
				CLANG_WARN_EMPTY_BODY = YES;
				CLANG_WARN_ENUM_CONVERSION = YES;
				CLANG_WARN_INFINITE_RECURSION = YES;
				CLANG_WARN_INT_CONVERSION = YES;
				CLANG_WARN_NON_LITERAL_NULL_CONVERSION = YES;
				CLANG_WARN_OBJC_IMPLICIT_RETAIN_SELF = YES;
				CLANG_WARN_OBJC_LITERAL_CONVERSION = YES;
				CLANG_WARN_OBJC_ROOT_CLASS = YES_ERROR;
				CLANG_WARN_QUOTED_INCLUDE_IN_FRAMEWORK_HEADER = YES;
				CLANG_WARN_RANGE_LOOP_ANALYSIS = YES;
				CLANG_WARN_STRICT_PROTOTYPES = YES;
				CLANG_WARN_SUSPICIOUS_MOVE = YES;
				CLANG_WARN_UNGUARDED_AVAILABILITY = YES_AGGRESSIVE;
				CLANG_WARN_UNREACHABLE_CODE = YES;
				CLANG_WARN__DUPLICATE_METHOD_MATCH = YES;
				COPY_PHASE_STRIP = NO;
				DEBUG_INFORMATION_FORMAT = "dwarf-with-dsym";
				ENABLE_NS_ASSERTIONS = NO;
				ENABLE_STRICT_OBJC_MSGSEND = YES;
				GCC_C_LANGUAGE_STANDARD = gnu11;
				GCC_NO_COMMON_BLOCKS = YES;
				GCC_WARN_64_TO_32_BIT_CONVERSION = YES;
				GCC_WARN_ABOUT_RETURN_TYPE = YES_ERROR;
				GCC_WARN_UNDECLARED_SELECTOR = YES;
				GCC_WARN_UNINITIALIZED_AUTOS = YES_AGGRESSIVE;
				GCC_WARN_UNUSED_FUNCTION = YES;
				GCC_WARN_UNUSED_VARIABLE = YES;
				IPHONEOS_DEPLOYMENT_TARGET = 15.5;
				MTL_ENABLE_DEBUG_INFO = NO;
				MTL_FAST_MATH = YES;
				SDKROOT = iphoneos;
				SWIFT_COMPILATION_MODE = wholemodule;
				SWIFT_OPTIMIZATION_LEVEL = "-O";
				VALIDATE_PRODUCT = YES;
			};
			name = Release;
		};
		2758BBB32975A43100DE8A24 /* Debug */ = {
			isa = XCBuildConfiguration;
			buildSettings = {
				ASSETCATALOG_COMPILER_APPICON_NAME = AppIcon;
				ASSETCATALOG_COMPILER_GLOBAL_ACCENT_COLOR_NAME = AccentColor;
				CODE_SIGN_STYLE = Automatic;
				CURRENT_PROJECT_VERSION = 1;
				DEVELOPMENT_TEAM = C99F5F794K;
				GENERATE_INFOPLIST_FILE = YES;
				INFOPLIST_FILE = RickAndMorty/Info.plist;
				INFOPLIST_KEY_UIApplicationSupportsIndirectInputEvents = YES;
				INFOPLIST_KEY_UILaunchStoryboardName = LaunchScreen;
				INFOPLIST_KEY_UISupportedInterfaceOrientations_iPad = "UIInterfaceOrientationPortrait UIInterfaceOrientationPortraitUpsideDown UIInterfaceOrientationLandscapeLeft UIInterfaceOrientationLandscapeRight";
				INFOPLIST_KEY_UISupportedInterfaceOrientations_iPhone = "UIInterfaceOrientationPortrait UIInterfaceOrientationLandscapeLeft UIInterfaceOrientationLandscapeRight";
				LD_RUNPATH_SEARCH_PATHS = (
					"$(inherited)",
					"@executable_path/Frameworks",
				);
				MARKETING_VERSION = 1.0;
				PRODUCT_BUNDLE_IDENTIFIER = Sherzod.RickAndMorty;
				PRODUCT_NAME = "$(TARGET_NAME)";
				SWIFT_EMIT_LOC_STRINGS = YES;
				SWIFT_VERSION = 5.0;
				TARGETED_DEVICE_FAMILY = "1,2";
			};
			name = Debug;
		};
		2758BBB42975A43100DE8A24 /* Release */ = {
			isa = XCBuildConfiguration;
			buildSettings = {
				ASSETCATALOG_COMPILER_APPICON_NAME = AppIcon;
				ASSETCATALOG_COMPILER_GLOBAL_ACCENT_COLOR_NAME = AccentColor;
				CODE_SIGN_STYLE = Automatic;
				CURRENT_PROJECT_VERSION = 1;
				DEVELOPMENT_TEAM = C99F5F794K;
				GENERATE_INFOPLIST_FILE = YES;
				INFOPLIST_FILE = RickAndMorty/Info.plist;
				INFOPLIST_KEY_UIApplicationSupportsIndirectInputEvents = YES;
				INFOPLIST_KEY_UILaunchStoryboardName = LaunchScreen;
				INFOPLIST_KEY_UISupportedInterfaceOrientations_iPad = "UIInterfaceOrientationPortrait UIInterfaceOrientationPortraitUpsideDown UIInterfaceOrientationLandscapeLeft UIInterfaceOrientationLandscapeRight";
				INFOPLIST_KEY_UISupportedInterfaceOrientations_iPhone = "UIInterfaceOrientationPortrait UIInterfaceOrientationLandscapeLeft UIInterfaceOrientationLandscapeRight";
				LD_RUNPATH_SEARCH_PATHS = (
					"$(inherited)",
					"@executable_path/Frameworks",
				);
				MARKETING_VERSION = 1.0;
				PRODUCT_BUNDLE_IDENTIFIER = Sherzod.RickAndMorty;
				PRODUCT_NAME = "$(TARGET_NAME)";
				SWIFT_EMIT_LOC_STRINGS = YES;
				SWIFT_VERSION = 5.0;
				TARGETED_DEVICE_FAMILY = "1,2";
			};
			name = Release;
		};
/* End XCBuildConfiguration section */

/* Begin XCConfigurationList section */
		2758BB992975A43100DE8A24 /* Build configuration list for PBXProject "RickAndMorty" */ = {
			isa = XCConfigurationList;
			buildConfigurations = (
				2758BBB02975A43100DE8A24 /* Debug */,
				2758BBB12975A43100DE8A24 /* Release */,
			);
			defaultConfigurationIsVisible = 0;
			defaultConfigurationName = Release;
		};
		2758BBB22975A43100DE8A24 /* Build configuration list for PBXNativeTarget "RickAndMorty" */ = {
			isa = XCConfigurationList;
			buildConfigurations = (
				2758BBB32975A43100DE8A24 /* Debug */,
				2758BBB42975A43100DE8A24 /* Release */,
			);
			defaultConfigurationIsVisible = 0;
			defaultConfigurationName = Release;
		};
/* End XCConfigurationList section */
	};
	rootObject = 2758BB962975A43100DE8A24 /* Project object */;
}
